{
  "name": "example-core",
  "version": "1.0.0",
  "lockfileVersion": 2,
  "requires": true,
  "packages": {
    "": {
      "name": "example-core",
      "version": "1.0.0",
      "license": "ISC",
      "dependencies": {
        "mupli-core": "^1.0.1"
      }
    },
    "node_modules/mupli-core": {
      "version": "1.0.1",
      "resolved": "https://registry.npmjs.org/mupli-core/-/mupli-core-1.0.1.tgz",
      "integrity": "sha512-dwM5uyvJVU9D1p7zj6gQMpPgDD3FukvH1vU8Q5AaIUrvu9egi9w4ag8iRvHOvOQfJtvjM2uvbLNa55T8wrU5jA==",
      "dependencies": {
        "uWebSockets.js": "github:uNetworking/uWebSockets.js#v20.10.0"
      }
    },
    "node_modules/uWebSockets.js": {
      "version": "20.10.0",
      "resolved": "git+ssh://git@github.com/uNetworking/uWebSockets.js.git#806df48c9da86af7b3341f3e443388c7cd15c3de"
    }
  },
  "dependencies": {
    "mupli-core": {
      "version": "1.0.1",
      "resolved": "https://registry.npmjs.org/mupli-core/-/mupli-core-1.0.1.tgz",
      "integrity": "sha512-dwM5uyvJVU9D1p7zj6gQMpPgDD3FukvH1vU8Q5AaIUrvu9egi9w4ag8iRvHOvOQfJtvjM2uvbLNa55T8wrU5jA==",
      "requires": {
        "uWebSockets.js": "github:uNetworking/uWebSockets.js#v20.10.0"
      }
    },
    "uWebSockets.js": {
      "version": "git+ssh://git@github.com/uNetworking/uWebSockets.js.git#806df48c9da86af7b3341f3e443388c7cd15c3de",
      "from": "uWebSockets.js@github:uNetworking/uWebSockets.js#v20.10.0"
    }
  }
}
